
Microsoft Visual Studio Solution File, Format Version 12.00
# Visual Studio Version 17
VisualStudioVersion = 17.5.002.0
MinimumVisualStudioVersion = 10.0.40219.1
Project("{9A19103F-16F7-4668-BE54-9A1E7A4F7556}") = "Code Challenge2", "Code Challenge2.csproj", "{416BD58D-4FCB-40E7-B0EE-8F5303EBABF1}"
EndProject
Global
	GlobalSection(SolutionConfigurationPlatforms) = preSolution
		Debug|Any CPU = Debug|Any CPU
		Release|Any CPU = Release|Any CPU
	EndGlobalSection
	GlobalSection(ProjectConfigurationPlatforms) = postSolution
		{416BD58D-4FCB-40E7-B0EE-8F5303EBABF1}.Debug|Any CPU.ActiveCfg = Debug|Any CPU
		{416BD58D-4FCB-40E7-B0EE-8F5303EBABF1}.Debug|Any CPU.Build.0 = Debug|Any CPU
		{416BD58D-4FCB-40E7-B0EE-8F5303EBABF1}.Release|Any CPU.ActiveCfg = Release|Any CPU
		{416BD58D-4FCB-40E7-B0EE-8F5303EBABF1}.Release|Any CPU.Build.0 = Release|Any CPU
	EndGlobalSection
	GlobalSection(SolutionProperties) = preSolution
		HideSolutionNode = FALSE
	EndGlobalSection
	GlobalSection(ExtensibilityGlobals) = postSolution
		SolutionGuid = {F794E7FB-AC0A-4D92-8A01-1808AA9C94B2}
	EndGlobalSection
EndGlobal
