
Microsoft Visual Studio Solution File, Format Version 12.00
# Visual Studio Version 17
VisualStudioVersion = 17.5.002.0
MinimumVisualStudioVersion = 10.0.40219.1
Project("{9A19103F-16F7-4668-BE54-9A1E7A4F7556}") = "E-commerce", "E-commerce.csproj", "{965539AC-6D26-4913-BB55-8C81F01C1730}"
EndProject
Global
	GlobalSection(SolutionConfigurationPlatforms) = preSolution
		Debug|Any CPU = Debug|Any CPU
		Release|Any CPU = Release|Any CPU
	EndGlobalSection
	GlobalSection(ProjectConfigurationPlatforms) = postSolution
		{965539AC-6D26-4913-BB55-8C81F01C1730}.Debug|Any CPU.ActiveCfg = Debug|Any CPU
		{965539AC-6D26-4913-BB55-8C81F01C1730}.Debug|Any CPU.Build.0 = Debug|Any CPU
		{965539AC-6D26-4913-BB55-8C81F01C1730}.Release|Any CPU.ActiveCfg = Release|Any CPU
		{965539AC-6D26-4913-BB55-8C81F01C1730}.Release|Any CPU.Build.0 = Release|Any CPU
	EndGlobalSection
	GlobalSection(SolutionProperties) = preSolution
		HideSolutionNode = FALSE
	EndGlobalSection
	GlobalSection(ExtensibilityGlobals) = postSolution
		SolutionGuid = {314EF3D6-2CFA-478A-9877-A6EBF8E97E10}
	EndGlobalSection
EndGlobal
