
Microsoft Visual Studio Solution File, Format Version 12.00
# Visual Studio Version 17
VisualStudioVersion = 17.5.002.0
MinimumVisualStudioVersion = 10.0.40219.1
Project("{9A19103F-16F7-4668-BE54-9A1E7A4F7556}") = "Arrays", "Arrays.csproj", "{EE415098-2A1E-4D78-922B-1C50E40391E3}"
EndProject
Global
	GlobalSection(SolutionConfigurationPlatforms) = preSolution
		Debug|Any CPU = Debug|Any CPU
		Release|Any CPU = Release|Any CPU
	EndGlobalSection
	GlobalSection(ProjectConfigurationPlatforms) = postSolution
		{EE415098-2A1E-4D78-922B-1C50E40391E3}.Debug|Any CPU.ActiveCfg = Debug|Any CPU
		{EE415098-2A1E-4D78-922B-1C50E40391E3}.Debug|Any CPU.Build.0 = Debug|Any CPU
		{EE415098-2A1E-4D78-922B-1C50E40391E3}.Release|Any CPU.ActiveCfg = Release|Any CPU
		{EE415098-2A1E-4D78-922B-1C50E40391E3}.Release|Any CPU.Build.0 = Release|Any CPU
	EndGlobalSection
	GlobalSection(SolutionProperties) = preSolution
		HideSolutionNode = FALSE
	EndGlobalSection
	GlobalSection(ExtensibilityGlobals) = postSolution
		SolutionGuid = {F8261D81-AA76-48B5-92CA-15154EEABF20}
	EndGlobalSection
EndGlobal
