
Microsoft Visual Studio Solution File, Format Version 12.00
# Visual Studio Version 17
VisualStudioVersion = 17.5.002.0
MinimumVisualStudioVersion = 10.0.40219.1
Project("{9A19103F-16F7-4668-BE54-9A1E7A4F7556}") = "CustomExceptionExample", "CustomExceptionExample.csproj", "{39EE8488-BC2A-4684-8EC6-3444C4598FF7}"
EndProject
Global
	GlobalSection(SolutionConfigurationPlatforms) = preSolution
		Debug|Any CPU = Debug|Any CPU
		Release|Any CPU = Release|Any CPU
	EndGlobalSection
	GlobalSection(ProjectConfigurationPlatforms) = postSolution
		{39EE8488-BC2A-4684-8EC6-3444C4598FF7}.Debug|Any CPU.ActiveCfg = Debug|Any CPU
		{39EE8488-BC2A-4684-8EC6-3444C4598FF7}.Debug|Any CPU.Build.0 = Debug|Any CPU
		{39EE8488-BC2A-4684-8EC6-3444C4598FF7}.Release|Any CPU.ActiveCfg = Release|Any CPU
		{39EE8488-BC2A-4684-8EC6-3444C4598FF7}.Release|Any CPU.Build.0 = Release|Any CPU
	EndGlobalSection
	GlobalSection(SolutionProperties) = preSolution
		HideSolutionNode = FALSE
	EndGlobalSection
	GlobalSection(ExtensibilityGlobals) = postSolution
		SolutionGuid = {47867E22-984A-4A24-8644-70C5BD8441B0}
	EndGlobalSection
EndGlobal
