
Microsoft Visual Studio Solution File, Format Version 12.00
# Visual Studio Version 17
VisualStudioVersion = 17.5.002.0
MinimumVisualStudioVersion = 10.0.40219.1
Project("{9A19103F-16F7-4668-BE54-9A1E7A4F7556}") = "User Input", "User Input.csproj", "{9867BD0F-41F7-4E87-A398-5068666BF304}"
EndProject
Global
	GlobalSection(SolutionConfigurationPlatforms) = preSolution
		Debug|Any CPU = Debug|Any CPU
		Release|Any CPU = Release|Any CPU
	EndGlobalSection
	GlobalSection(ProjectConfigurationPlatforms) = postSolution
		{9867BD0F-41F7-4E87-A398-5068666BF304}.Debug|Any CPU.ActiveCfg = Debug|Any CPU
		{9867BD0F-41F7-4E87-A398-5068666BF304}.Debug|Any CPU.Build.0 = Debug|Any CPU
		{9867BD0F-41F7-4E87-A398-5068666BF304}.Release|Any CPU.ActiveCfg = Release|Any CPU
		{9867BD0F-41F7-4E87-A398-5068666BF304}.Release|Any CPU.Build.0 = Release|Any CPU
	EndGlobalSection
	GlobalSection(SolutionProperties) = preSolution
		HideSolutionNode = FALSE
	EndGlobalSection
	GlobalSection(ExtensibilityGlobals) = postSolution
		SolutionGuid = {F76C85B2-6336-4A39-A6C4-7973B0697A0D}
	EndGlobalSection
EndGlobal
